
Microsoft Visual Studio Solution File, Format Version 12.00
# Visual Studio Version 16
VisualStudioVersion = 16.0.30114.105
MinimumVisualStudioVersion = 10.0.40219.1
Project("{FAE04EC0-301F-11D3-BF4B-00C04F79EFBC}") = "Gameboi", "Gameboi\Gameboi.csproj", "{69C7ED44-A9D8-4A20-B308-93BEEF62D06F}"
EndProject
Project("{2150E333-8FDC-42A3-9474-1A3956D46DE8}") = "Tests", "Tests", "{CFC6D5F0-A5BB-4755-B84A-C38BE7E0B901}"
EndProject
Project("{FAE04EC0-301F-11D3-BF4B-00C04F79EFBC}") = "Lcd", "Tests\Lcd\Lcd.csproj", "{F4E12E4D-0A13-4CCF-AC3E-3719EE9D856E}"
EndProject
Global
	GlobalSection(SolutionConfigurationPlatforms) = preSolution
		Debug|Any CPU = Debug|Any CPU
		Release|Any CPU = Release|Any CPU
	EndGlobalSection
	GlobalSection(SolutionProperties) = preSolution
		HideSolutionNode = FALSE
	EndGlobalSection
	GlobalSection(ProjectConfigurationPlatforms) = postSolution
		{69C7ED44-A9D8-4A20-B308-93BEEF62D06F}.Debug|Any CPU.ActiveCfg = Debug|Any CPU
		{69C7ED44-A9D8-4A20-B308-93BEEF62D06F}.Debug|Any CPU.Build.0 = Debug|Any CPU
		{69C7ED44-A9D8-4A20-B308-93BEEF62D06F}.Release|Any CPU.ActiveCfg = Release|Any CPU
		{69C7ED44-A9D8-4A20-B308-93BEEF62D06F}.Release|Any CPU.Build.0 = Release|Any CPU
		{F4E12E4D-0A13-4CCF-AC3E-3719EE9D856E}.Debug|Any CPU.ActiveCfg = Debug|Any CPU
		{F4E12E4D-0A13-4CCF-AC3E-3719EE9D856E}.Debug|Any CPU.Build.0 = Debug|Any CPU
		{F4E12E4D-0A13-4CCF-AC3E-3719EE9D856E}.Release|Any CPU.ActiveCfg = Release|Any CPU
		{F4E12E4D-0A13-4CCF-AC3E-3719EE9D856E}.Release|Any CPU.Build.0 = Release|Any CPU
	EndGlobalSection
	GlobalSection(NestedProjects) = preSolution
		{F4E12E4D-0A13-4CCF-AC3E-3719EE9D856E} = {CFC6D5F0-A5BB-4755-B84A-C38BE7E0B901}
	EndGlobalSection
EndGlobal
